
Microsoft Visual Studio Solution File, Format Version 12.00
# Visual Studio Version 16
VisualStudioVersion = 16.0.30621.155
MinimumVisualStudioVersion = 10.0.40219.1
Project("{F184B08F-C81C-45F6-A57F-5ABD9991F28F}") = "GetComputerInfo", "GetComputerInfo\GetComputerInfo.vbproj", "{767E645A-A754-4222-8EB8-686FCE674177}"
EndProject
Global
	GlobalSection(SolutionConfigurationPlatforms) = preSolution
		Debug|Any CPU = Debug|Any CPU
		Release|Any CPU = Release|Any CPU
	EndGlobalSection
	GlobalSection(ProjectConfigurationPlatforms) = postSolution
		{767E645A-A754-4222-8EB8-686FCE674177}.Debug|Any CPU.ActiveCfg = Debug|Any CPU
		{767E645A-A754-4222-8EB8-686FCE674177}.Debug|Any CPU.Build.0 = Debug|Any CPU
		{767E645A-A754-4222-8EB8-686FCE674177}.Release|Any CPU.ActiveCfg = Release|Any CPU
		{767E645A-A754-4222-8EB8-686FCE674177}.Release|Any CPU.Build.0 = Release|Any CPU
	EndGlobalSection
	GlobalSection(SolutionProperties) = preSolution
		HideSolutionNode = FALSE
	EndGlobalSection
	GlobalSection(ExtensibilityGlobals) = postSolution
		SolutionGuid = {2702FFBB-46E9-4731-8720-8B787D1988BD}
	EndGlobalSection
EndGlobal
